// !$*UTF8*$!
{
	archiveVersion = 1;
	classes = {
	};
	objectVersion = 46;
	objects = {

/* Begin PBXBuildFile section */
		9273822E1B2FABA100F2F239 /* main.m in Sources */ = {isa = PBXBuildFile; fileRef = 9273822D1B2FABA100F2F239 /* main.m */; };
		927382311B2FABA100F2F239 /* AppDelegate.m in Sources */ = {isa = PBXBuildFile; fileRef = 927382301B2FABA100F2F239 /* AppDelegate.m */; };
		927382341B2FABA100F2F239 /* ViewController.m in Sources */ = {isa = PBXBuildFile; fileRef = 927382331B2FABA100F2F239 /* ViewController.m */; };
		927382371B2FABA100F2F239 /* Main.storyboard in Resources */ = {isa = PBXBuildFile; fileRef = 927382351B2FABA100F2F239 /* Main.storyboard */; };
		927382391B2FABA100F2F239 /* Images.xcassets in Resources */ = {isa = PBXBuildFile; fileRef = 927382381B2FABA100F2F239 /* Images.xcassets */; };
		9273823C1B2FABA100F2F239 /* LaunchScreen.xib in Resources */ = {isa = PBXBuildFile; fileRef = 9273823A1B2FABA100F2F239 /* LaunchScreen.xib */; };
		927382481B2FABA100F2F239 /* ListSampleTests.m in Sources */ = {isa = PBXBuildFile; fileRef = 927382471B2FABA100F2F239 /* ListSampleTests.m */; };
		927382591B2FAC5600F2F239 /* CBListViewController.m in Sources */ = {isa = PBXBuildFile; fileRef = 927382581B2FAC5600F2F239 /* CBListViewController.m */; };
		9273825C1B2FAC6800F2F239 /* CBEditListViewController.m in Sources */ = {isa = PBXBuildFile; fileRef = 9273825B1B2FAC6800F2F239 /* CBEditListViewController.m */; };
		9273825F1B2FB73000F2F239 /* SampleItem.m in Sources */ = {isa = PBXBuildFile; fileRef = 9273825E1B2FB73000F2F239 /* SampleItem.m */; };
		927382631B2FC6A100F2F239 /* CBEditListViewCell.m in Sources */ = {isa = PBXBuildFile; fileRef = 927382621B2FC6A100F2F239 /* CBEditListViewCell.m */; };
		927382661B311FBE00F2F239 /* SampleItemListViewController.m in Sources */ = {isa = PBXBuildFile; fileRef = 927382651B311FBE00F2F239 /* SampleItemListViewController.m */; };
		92B1108B1B707A5E00942732 /* README.md in Sources */ = {isa = PBXBuildFile; fileRef = 92B1108A1B707A5E00942732 /* README.md */; };
/* End PBXBuildFile section */

/* Begin PBXContainerItemProxy section */
		927382421B2FABA100F2F239 /* PBXContainerItemProxy */ = {
			isa = PBXContainerItemProxy;
			containerPortal = 927382201B2FABA100F2F239 /* Project object */;
			proxyType = 1;
			remoteGlobalIDString = 927382271B2FABA100F2F239;
			remoteInfo = ListSample;
		};
/* End PBXContainerItemProxy section */

/* Begin PBXFileReference section */
		927382281B2FABA100F2F239 /* ListSample.app */ = {isa = PBXFileReference; explicitFileType = wrapper.application; includeInIndex = 0; path = ListSample.app; sourceTree = BUILT_PRODUCTS_DIR; };
		9273822C1B2FABA100F2F239 /* Info.plist */ = {isa = PBXFileReference; lastKnownFileType = text.plist.xml; path = Info.plist; sourceTree = "<group>"; };
		9273822D1B2FABA100F2F239 /* main.m */ = {isa = PBXFileReference; lastKnownFileType = sourcecode.c.objc; path = main.m; sourceTree = "<group>"; };
		9273822F1B2FABA100F2F239 /* AppDelegate.h */ = {isa = PBXFileReference; lastKnownFileType = sourcecode.c.h; path = AppDelegate.h; sourceTree = "<group>"; };
		927382301B2FABA100F2F239 /* AppDelegate.m */ = {isa = PBXFileReference; lastKnownFileType = sourcecode.c.objc; path = AppDelegate.m; sourceTree = "<group>"; };
		927382321B2FABA100F2F239 /* ViewController.h */ = {isa = PBXFileReference; lastKnownFileType = sourcecode.c.h; path = ViewController.h; sourceTree = "<group>"; };
		927382331B2FABA100F2F239 /* ViewController.m */ = {isa = PBXFileReference; lastKnownFileType = sourcecode.c.objc; path = ViewController.m; sourceTree = "<group>"; };
		927382361B2FABA100F2F239 /* Base */ = {isa = PBXFileReference; lastKnownFileType = file.storyboard; name = Base; path = Base.lproj/Main.storyboard; sourceTree = "<group>"; };
		927382381B2FABA100F2F239 /* Images.xcassets */ = {isa = PBXFileReference; lastKnownFileType = folder.assetcatalog; path = Images.xcassets; sourceTree = "<group>"; };
		9273823B1B2FABA100F2F239 /* Base */ = {isa = PBXFileReference; lastKnownFileType = file.xib; name = Base; path = Base.lproj/LaunchScreen.xib; sourceTree = "<group>"; };
		927382411B2FABA100F2F239 /* ListSampleTests.xctest */ = {isa = PBXFileReference; explicitFileType = wrapper.cfbundle; includeInIndex = 0; path = ListSampleTests.xctest; sourceTree = BUILT_PRODUCTS_DIR; };
		927382461B2FABA100F2F239 /* Info.plist */ = {isa = PBXFileReference; lastKnownFileType = text.plist.xml; path = Info.plist; sourceTree = "<group>"; };
		927382471B2FABA100F2F239 /* ListSampleTests.m */ = {isa = PBXFileReference; lastKnownFileType = sourcecode.c.objc; path = ListSampleTests.m; sourceTree = "<group>"; };
		927382571B2FAC5600F2F239 /* CBListViewController.h */ = {isa = PBXFileReference; fileEncoding = 4; lastKnownFileType = sourcecode.c.h; path = CBListViewController.h; sourceTree = "<group>"; };
		927382581B2FAC5600F2F239 /* CBListViewController.m */ = {isa = PBXFileReference; fileEncoding = 4; lastKnownFileType = sourcecode.c.objc; path = CBListViewController.m; sourceTree = "<group>"; };
		9273825A1B2FAC6800F2F239 /* CBEditListViewController.h */ = {isa = PBXFileReference; fileEncoding = 4; lastKnownFileType = sourcecode.c.h; path = CBEditListViewController.h; sourceTree = "<group>"; };
		9273825B1B2FAC6800F2F239 /* CBEditListViewController.m */ = {isa = PBXFileReference; fileEncoding = 4; lastKnownFileType = sourcecode.c.objc; path = CBEditListViewController.m; sourceTree = "<group>"; };
		9273825D1B2FB73000F2F239 /* SampleItem.h */ = {isa = PBXFileReference; fileEncoding = 4; lastKnownFileType = sourcecode.c.h; name = SampleItem.h; path = Classes/SampleItem.h; sourceTree = "<group>"; };
		9273825E1B2FB73000F2F239 /* SampleItem.m */ = {isa = PBXFileReference; fileEncoding = 4; lastKnownFileType = sourcecode.c.objc; name = SampleItem.m; path = Classes/SampleItem.m; sourceTree = "<group>"; };
		927382601B2FB77100F2F239 /* CBListViewControllerListItem.h */ = {isa = PBXFileReference; lastKnownFileType = sourcecode.c.h; path = CBListViewControllerListItem.h; sourceTree = "<group>"; };
		927382611B2FC6A100F2F239 /* CBEditListViewCell.h */ = {isa = PBXFileReference; fileEncoding = 4; lastKnownFileType = sourcecode.c.h; path = CBEditListViewCell.h; sourceTree = "<group>"; };
		927382621B2FC6A100F2F239 /* CBEditListViewCell.m */ = {isa = PBXFileReference; fileEncoding = 4; lastKnownFileType = sourcecode.c.objc; path = CBEditListViewCell.m; sourceTree = "<group>"; };
		927382641B311FBE00F2F239 /* SampleItemListViewController.h */ = {isa = PBXFileReference; fileEncoding = 4; lastKnownFileType = sourcecode.c.h; name = SampleItemListViewController.h; path = Classes/SampleItemListViewController.h; sourceTree = "<group>"; };
		927382651B311FBE00F2F239 /* SampleItemListViewController.m */ = {isa = PBXFileReference; fileEncoding = 4; lastKnownFileType = sourcecode.c.objc; name = SampleItemListViewController.m; path = Classes/SampleItemListViewController.m; sourceTree = "<group>"; };
		92B1108A1B707A5E00942732 /* README.md */ = {isa = PBXFileReference; fileEncoding = 4; lastKnownFileType = net.daringfireball.markdown; path = README.md; sourceTree = "<group>"; };
/* End PBXFileReference section */

/* Begin PBXFrameworksBuildPhase section */
		927382251B2FABA100F2F239 /* Frameworks */ = {
			isa = PBXFrameworksBuildPhase;
			buildActionMask = 2147483647;
			files = (
			);
			runOnlyForDeploymentPostprocessing = 0;
		};
		9273823E1B2FABA100F2F239 /* Frameworks */ = {
			isa = PBXFrameworksBuildPhase;
			buildActionMask = 2147483647;
			files = (
			);
			runOnlyForDeploymentPostprocessing = 0;
		};
/* End PBXFrameworksBuildPhase section */

/* Begin PBXGroup section */
		9273821F1B2FABA100F2F239 = {
			isa = PBXGroup;
			children = (
				92B1108A1B707A5E00942732 /* README.md */,
				9273822A1B2FABA100F2F239 /* ListSample */,
				927382441B2FABA100F2F239 /* ListSampleTests */,
				927382291B2FABA100F2F239 /* Products */,
			);
			sourceTree = "<group>";
		};
		927382291B2FABA100F2F239 /* Products */ = {
			isa = PBXGroup;
			children = (
				927382281B2FABA100F2F239 /* ListSample.app */,
				927382411B2FABA100F2F239 /* ListSampleTests.xctest */,
			);
			name = Products;
			sourceTree = "<group>";
		};
		9273822A1B2FABA100F2F239 /* ListSample */ = {
			isa = PBXGroup;
			children = (
				927382561B2FAC4900F2F239 /* CBList */,
				9273822F1B2FABA100F2F239 /* AppDelegate.h */,
				927382301B2FABA100F2F239 /* AppDelegate.m */,
				9273825D1B2FB73000F2F239 /* SampleItem.h */,
				9273825E1B2FB73000F2F239 /* SampleItem.m */,
				927382641B311FBE00F2F239 /* SampleItemListViewController.h */,
				927382651B311FBE00F2F239 /* SampleItemListViewController.m */,
				927382321B2FABA100F2F239 /* ViewController.h */,
				927382331B2FABA100F2F239 /* ViewController.m */,
				927382351B2FABA100F2F239 /* Main.storyboard */,
				927382381B2FABA100F2F239 /* Images.xcassets */,
				9273823A1B2FABA100F2F239 /* LaunchScreen.xib */,
				9273822B1B2FABA100F2F239 /* Supporting Files */,
			);
			path = ListSample;
			sourceTree = "<group>";
		};
		9273822B1B2FABA100F2F239 /* Supporting Files */ = {
			isa = PBXGroup;
			children = (
				9273822C1B2FABA100F2F239 /* Info.plist */,
				9273822D1B2FABA100F2F239 /* main.m */,
			);
			name = "Supporting Files";
			sourceTree = "<group>";
		};
		927382441B2FABA100F2F239 /* ListSampleTests */ = {
			isa = PBXGroup;
			children = (
				927382471B2FABA100F2F239 /* ListSampleTests.m */,
				927382451B2FABA100F2F239 /* Supporting Files */,
			);
			path = ListSampleTests;
			sourceTree = "<group>";
		};
		927382451B2FABA100F2F239 /* Supporting Files */ = {
			isa = PBXGroup;
			children = (
				927382461B2FABA100F2F239 /* Info.plist */,
			);
			name = "Supporting Files";
			sourceTree = "<group>";
		};
		927382561B2FAC4900F2F239 /* CBList */ = {
			isa = PBXGroup;
			children = (
				927382601B2FB77100F2F239 /* CBListViewControllerListItem.h */,
				927382571B2FAC5600F2F239 /* CBListViewController.h */,
				927382581B2FAC5600F2F239 /* CBListViewController.m */,
				9273825A1B2FAC6800F2F239 /* CBEditListViewController.h */,
				9273825B1B2FAC6800F2F239 /* CBEditListViewController.m */,
				927382611B2FC6A100F2F239 /* CBEditListViewCell.h */,
				927382621B2FC6A100F2F239 /* CBEditListViewCell.m */,
			);
			name = CBList;
			path = Classes/CBList;
			sourceTree = "<group>";
		};
/* End PBXGroup section */

/* Begin PBXNativeTarget section */
		927382271B2FABA100F2F239 /* ListSample */ = {
			isa = PBXNativeTarget;
			buildConfigurationList = 9273824B1B2FABA100F2F239 /* Build configuration list for PBXNativeTarget "ListSample" */;
			buildPhases = (
				927382241B2FABA100F2F239 /* Sources */,
				927382251B2FABA100F2F239 /* Frameworks */,
				927382261B2FABA100F2F239 /* Resources */,
			);
			buildRules = (
			);
			dependencies = (
			);
			name = ListSample;
			productName = ListSample;
			productReference = 927382281B2FABA100F2F239 /* ListSample.app */;
			productType = "com.apple.product-type.application";
		};
		927382401B2FABA100F2F239 /* ListSampleTests */ = {
			isa = PBXNativeTarget;
			buildConfigurationList = 9273824E1B2FABA100F2F239 /* Build configuration list for PBXNativeTarget "ListSampleTests" */;
			buildPhases = (
				9273823D1B2FABA100F2F239 /* Sources */,
				9273823E1B2FABA100F2F239 /* Frameworks */,
				9273823F1B2FABA100F2F239 /* Resources */,
			);
			buildRules = (
			);
			dependencies = (
				927382431B2FABA100F2F239 /* PBXTargetDependency */,
			);
			name = ListSampleTests;
			productName = ListSampleTests;
			productReference = 927382411B2FABA100F2F239 /* ListSampleTests.xctest */;
			productType = "com.apple.product-type.bundle.unit-test";
		};
/* End PBXNativeTarget section */

/* Begin PBXProject section */
		927382201B2FABA100F2F239 /* Project object */ = {
			isa = PBXProject;
			attributes = {
				LastUpgradeCheck = 0630;
				ORGANIZATIONNAME = "C. Bess";
				TargetAttributes = {
					927382271B2FABA100F2F239 = {
						CreatedOnToolsVersion = 6.3.2;
					};
					927382401B2FABA100F2F239 = {
						CreatedOnToolsVersion = 6.3.2;
						TestTargetID = 927382271B2FABA100F2F239;
					};
				};
			};
			buildConfigurationList = 927382231B2FABA100F2F239 /* Build configuration list for PBXProject "ListSample" */;
			compatibilityVersion = "Xcode 3.2";
			developmentRegion = English;
			hasScannedForEncodings = 0;
			knownRegions = (
				en,
				Base,
			);
			mainGroup = 9273821F1B2FABA100F2F239;
			productRefGroup = 927382291B2FABA100F2F239 /* Products */;
			projectDirPath = "";
			projectRoot = "";
			targets = (
				927382271B2FABA100F2F239 /* ListSample */,
				927382401B2FABA100F2F239 /* ListSampleTests */,
			);
		};
/* End PBXProject section */

/* Begin PBXResourcesBuildPhase section */
		927382261B2FABA100F2F239 /* Resources */ = {
			isa = PBXResourcesBuildPhase;
			buildActionMask = 2147483647;
			files = (
				927382371B2FABA100F2F239 /* Main.storyboard in Resources */,
				9273823C1B2FABA100F2F239 /* LaunchScreen.xib in Resources */,
				927382391B2FABA100F2F239 /* Images.xcassets in Resources */,
			);
			runOnlyForDeploymentPostprocessing = 0;
		};
		9273823F1B2FABA100F2F239 /* Resources */ = {
			isa = PBXResourcesBuildPhase;
			buildActionMask = 2147483647;
			files = (
			);
			runOnlyForDeploymentPostprocessing = 0;
		};
/* End PBXResourcesBuildPhase section */

/* Begin PBXSourcesBuildPhase section */
		927382241B2FABA100F2F239 /* Sources */ = {
			isa = PBXSourcesBuildPhase;
			buildActionMask = 2147483647;
			files = (
				927382341B2FABA100F2F239 /* ViewController.m in Sources */,
				927382591B2FAC5600F2F239 /* CBListViewController.m in Sources */,
				9273825F1B2FB73000F2F239 /* SampleItem.m in Sources */,
				927382311B2FABA100F2F239 /* AppDelegate.m in Sources */,
				927382631B2FC6A100F2F239 /* CBEditListViewCell.m in Sources */,
				927382661B311FBE00F2F239 /* SampleItemListViewController.m in Sources */,
				92B1108B1B707A5E00942732 /* README.md in Sources */,
				9273825C1B2FAC6800F2F239 /* CBEditListViewController.m in Sources */,
				9273822E1B2FABA100F2F239 /* main.m in Sources */,
			);
			runOnlyForDeploymentPostprocessing = 0;
		};
		9273823D1B2FABA100F2F239 /* Sources */ = {
			isa = PBXSourcesBuildPhase;
			buildActionMask = 2147483647;
			files = (
				927382481B2FABA100F2F239 /* ListSampleTests.m in Sources */,
			);
			runOnlyForDeploymentPostprocessing = 0;
		};
/* End PBXSourcesBuildPhase section */

/* Begin PBXTargetDependency section */
		927382431B2FABA100F2F239 /* PBXTargetDependency */ = {
			isa = PBXTargetDependency;
			target = 927382271B2FABA100F2F239 /* ListSample */;
			targetProxy = 927382421B2FABA100F2F239 /* PBXContainerItemProxy */;
		};
/* End PBXTargetDependency section */

/* Begin PBXVariantGroup section */
		927382351B2FABA100F2F239 /* Main.storyboard */ = {
			isa = PBXVariantGroup;
			children = (
				927382361B2FABA100F2F239 /* Base */,
			);
			name = Main.storyboard;
			sourceTree = "<group>";
		};
		9273823A1B2FABA100F2F239 /* LaunchScreen.xib */ = {
			isa = PBXVariantGroup;
			children = (
				9273823B1B2FABA100F2F239 /* Base */,
			);
			name = LaunchScreen.xib;
			sourceTree = "<group>";
		};
/* End PBXVariantGroup section */

/* Begin XCBuildConfiguration section */
		927382491B2FABA100F2F239 /* Debug */ = {
			isa = XCBuildConfiguration;
			buildSettings = {
				ALWAYS_SEARCH_USER_PATHS = NO;
				CLANG_CXX_LANGUAGE_STANDARD = "gnu++0x";
				CLANG_CXX_LIBRARY = "libc++";
				CLANG_ENABLE_MODULES = YES;
				CLANG_ENABLE_OBJC_ARC = YES;
				CLANG_WARN_BOOL_CONVERSION = YES;
				CLANG_WARN_CONSTANT_CONVERSION = YES;
				CLANG_WARN_DIRECT_OBJC_ISA_USAGE = YES_ERROR;
				CLANG_WARN_EMPTY_BODY = YES;
				CLANG_WARN_ENUM_CONVERSION = YES;
				CLANG_WARN_INT_CONVERSION = YES;
				CLANG_WARN_OBJC_ROOT_CLASS = YES_ERROR;
				CLANG_WARN_UNREACHABLE_CODE = YES;
				CLANG_WARN__DUPLICATE_METHOD_MATCH = YES;
				"CODE_SIGN_IDENTITY[sdk=iphoneos*]" = "iPhone Developer";
				COPY_PHASE_STRIP = NO;
				DEBUG_INFORMATION_FORMAT = "dwarf-with-dsym";
				ENABLE_STRICT_OBJC_MSGSEND = YES;
				GCC_C_LANGUAGE_STANDARD = gnu99;
				GCC_DYNAMIC_NO_PIC = NO;
				GCC_NO_COMMON_BLOCKS = YES;
				GCC_OPTIMIZATION_LEVEL = 0;
				GCC_PREPROCESSOR_DEFINITIONS = (
					"DEBUG=1",
					"$(inherited)",
				);
				GCC_SYMBOLS_PRIVATE_EXTERN = NO;
				GCC_WARN_64_TO_32_BIT_CONVERSION = YES;
				GCC_WARN_ABOUT_RETURN_TYPE = YES_ERROR;
				GCC_WARN_UNDECLARED_SELECTOR = YES;
				GCC_WARN_UNINITIALIZED_AUTOS = YES_AGGRESSIVE;
				GCC_WARN_UNUSED_FUNCTION = YES;
				GCC_WARN_UNUSED_VARIABLE = YES;
				IPHONEOS_DEPLOYMENT_TARGET = 8.3;
				MTL_ENABLE_DEBUG_INFO = YES;
				ONLY_ACTIVE_ARCH = YES;
				SDKROOT = iphoneos;
				TARGETED_DEVICE_FAMILY = "1,2";
			};
			name = Debug;
		};
		9273824A1B2FABA100F2F239 /* Release */ = {
			isa = XCBuildConfiguration;
			buildSettings = {
				ALWAYS_SEARCH_USER_PATHS = NO;
				CLANG_CXX_LANGUAGE_STANDARD = "gnu++0x";
				CLANG_CXX_LIBRARY = "libc++";
				CLANG_ENABLE_MODULES = YES;
				CLANG_ENABLE_OBJC_ARC = YES;
				CLANG_WARN_BOOL_CONVERSION = YES;
				CLANG_WARN_CONSTANT_CONVERSION = YES;
				CLANG_WARN_DIRECT_OBJC_ISA_USAGE = YES_ERROR;
				CLANG_WARN_EMPTY_BODY = YES;
				CLANG_WARN_ENUM_CONVERSION = YES;
				CLANG_WARN_INT_CONVERSION = YES;
				CLANG_WARN_OBJC_ROOT_CLASS = YES_ERROR;
				CLANG_WARN_UNREACHABLE_CODE = YES;
				CLANG_WARN__DUPLICATE_METHOD_MATCH = YES;
				"CODE_SIGN_IDENTITY[sdk=iphoneos*]" = "iPhone Developer";
				COPY_PHASE_STRIP = NO;
				DEBUG_INFORMATION_FORMAT = "dwarf-with-dsym";
				ENABLE_NS_ASSERTIONS = NO;
				ENABLE_STRICT_OBJC_MSGSEND = YES;
				GCC_C_LANGUAGE_STANDARD = gnu99;
				GCC_NO_COMMON_BLOCKS = YES;
				GCC_WARN_64_TO_32_BIT_CONVERSION = YES;
				GCC_WARN_ABOUT_RETURN_TYPE = YES_ERROR;
				GCC_WARN_UNDECLARED_SELECTOR = YES;
				GCC_WARN_UNINITIALIZED_AUTOS = YES_AGGRESSIVE;
				GCC_WARN_UNUSED_FUNCTION = YES;
				GCC_WARN_UNUSED_VARIABLE = YES;
				IPHONEOS_DEPLOYMENT_TARGET = 8.3;
				MTL_ENABLE_DEBUG_INFO = NO;
				SDKROOT = iphoneos;
				TARGETED_DEVICE_FAMILY = "1,2";
				VALIDATE_PRODUCT = YES;
			};
			name = Release;
		};
		9273824C1B2FABA100F2F239 /* Debug */ = {
			isa = XCBuildConfiguration;
			buildSettings = {
				ASSETCATALOG_COMPILER_APPICON_NAME = AppIcon;
				INFOPLIST_FILE = ListSample/Info.plist;
				LD_RUNPATH_SEARCH_PATHS = "$(inherited) @executable_path/Frameworks";
				PRODUCT_NAME = "$(TARGET_NAME)";
			};
			name = Debug;
		};
		9273824D1B2FABA100F2F239 /* Release */ = {
			isa = XCBuildConfiguration;
			buildSettings = {
				ASSETCATALOG_COMPILER_APPICON_NAME = AppIcon;
				INFOPLIST_FILE = ListSample/Info.plist;
				LD_RUNPATH_SEARCH_PATHS = "$(inherited) @executable_path/Frameworks";
				PRODUCT_NAME = "$(TARGET_NAME)";
			};
			name = Release;
		};
		9273824F1B2FABA100F2F239 /* Debug */ = {
			isa = XCBuildConfiguration;
			buildSettings = {
				BUNDLE_LOADER = "$(TEST_HOST)";
				FRAMEWORK_SEARCH_PATHS = (
					"$(SDKROOT)/Developer/Library/Frameworks",
					"$(inherited)",
				);
				GCC_PREPROCESSOR_DEFINITIONS = (
					"DEBUG=1",
					"$(inherited)",
				);
				INFOPLIST_FILE = ListSampleTests/Info.plist;
				LD_RUNPATH_SEARCH_PATHS = "$(inherited) @executable_path/Frameworks @loader_path/Frameworks";
				PRODUCT_NAME = "$(TARGET_NAME)";
				TEST_HOST = "$(BUILT_PRODUCTS_DIR)/ListSample.app/ListSample";
			};
			name = Debug;
		};
		927382501B2FABA100F2F239 /* Release */ = {
			isa = XCBuildConfiguration;
			buildSettings = {
				BUNDLE_LOADER = "$(TEST_HOST)";
				FRAMEWORK_SEARCH_PATHS = (
					"$(SDKROOT)/Developer/Library/Frameworks",
					"$(inherited)",
				);
				INFOPLIST_FILE = ListSampleTests/Info.plist;
				LD_RUNPATH_SEARCH_PATHS = "$(inherited) @executable_path/Frameworks @loader_path/Frameworks";
				PRODUCT_NAME = "$(TARGET_NAME)";
				TEST_HOST = "$(BUILT_PRODUCTS_DIR)/ListSample.app/ListSample";
			};
			name = Release;
		};
/* End XCBuildConfiguration section */

/* Begin XCConfigurationList section */
		927382231B2FABA100F2F239 /* Build configuration list for PBXProject "ListSample" */ = {
			isa = XCConfigurationList;
			buildConfigurations = (
				927382491B2FABA100F2F239 /* Debug */,
				9273824A1B2FABA100F2F239 /* Release */,
			);
			defaultConfigurationIsVisible = 0;
			defaultConfigurationName = Release;
		};
		9273824B1B2FABA100F2F239 /* Build configuration list for PBXNativeTarget "ListSample" */ = {
			isa = XCConfigurationList;
			buildConfigurations = (
				9273824C1B2FABA100F2F239 /* Debug */,
				9273824D1B2FABA100F2F239 /* Release */,
			);
			defaultConfigurationIsVisible = 0;
			defaultConfigurationName = Release;
		};
		9273824E1B2FABA100F2F239 /* Build configuration list for PBXNativeTarget "ListSampleTests" */ = {
			isa = XCConfigurationList;
			buildConfigurations = (
				9273824F1B2FABA100F2F239 /* Debug */,
				927382501B2FABA100F2F239 /* Release */,
			);
			defaultConfigurationIsVisible = 0;
			defaultConfigurationName = Release;
		};
/* End XCConfigurationList section */
	};
	rootObject = 927382201B2FABA100F2F239 /* Project object */;
}
